
Microsoft Visual Studio Solution File, Format Version 12.00
# Visual Studio Version 16
VisualStudioVersion = 16.0.29409.12
MinimumVisualStudioVersion = 10.0.40219.1
Project("{9A19103F-16F7-4668-BE54-9A1E7A4F7556}") = "cc65IDE", "cc65IDE\cc65IDE.csproj", "{63CE0225-EAFE-4637-89FA-3BDC96F1DD35}"
EndProject
Project("{FAE04EC0-301F-11D3-BF4B-00C04F79EFBC}") = "cc65Wrapper", "cc65Wrapper\cc65Wrapper.csproj", "{B5267A6C-997E-4143-86BC-A4665F4FC307}"
EndProject
Global
	GlobalSection(SolutionConfigurationPlatforms) = preSolution
		Debug|Any CPU = Debug|Any CPU
		Release|Any CPU = Release|Any CPU
	EndGlobalSection
	GlobalSection(ProjectConfigurationPlatforms) = postSolution
		{63CE0225-EAFE-4637-89FA-3BDC96F1DD35}.Debug|Any CPU.ActiveCfg = Debug|Any CPU
		{63CE0225-EAFE-4637-89FA-3BDC96F1DD35}.Debug|Any CPU.Build.0 = Debug|Any CPU
		{63CE0225-EAFE-4637-89FA-3BDC96F1DD35}.Release|Any CPU.ActiveCfg = Release|Any CPU
		{63CE0225-EAFE-4637-89FA-3BDC96F1DD35}.Release|Any CPU.Build.0 = Release|Any CPU
		{B5267A6C-997E-4143-86BC-A4665F4FC307}.Debug|Any CPU.ActiveCfg = Debug|Any CPU
		{B5267A6C-997E-4143-86BC-A4665F4FC307}.Debug|Any CPU.Build.0 = Debug|Any CPU
		{B5267A6C-997E-4143-86BC-A4665F4FC307}.Release|Any CPU.ActiveCfg = Release|Any CPU
		{B5267A6C-997E-4143-86BC-A4665F4FC307}.Release|Any CPU.Build.0 = Release|Any CPU
	EndGlobalSection
	GlobalSection(SolutionProperties) = preSolution
		HideSolutionNode = FALSE
	EndGlobalSection
	GlobalSection(ExtensibilityGlobals) = postSolution
		SolutionGuid = {0082CB49-72FC-4B0C-A0DA-431DA3137F1B}
	EndGlobalSection
EndGlobal
